
Microsoft Visual Studio Solution File, Format Version 12.00
# Visual Studio Version 17
VisualStudioVersion = 17.8.34525.116
MinimumVisualStudioVersion = 10.0.40219.1
Project("{8BC9CEB8-8B4A-11D0-8D11-00A0C91BC942}") = "LB_12.6", "LB_12.6.vcxproj", "{1F44894B-767E-46D3-948E-A812B9D5A292}"
EndProject
Project("{8BC9CEB8-8B4A-11D0-8D11-00A0C91BC942}") = "UnitTest1", "UnitTest1\UnitTest1.vcxproj", "{CE0D5833-BB3D-4FE2-A954-62CE9A6F0ECC}"
EndProject
Global
	GlobalSection(SolutionConfigurationPlatforms) = preSolution
		Debug|x64 = Debug|x64
		Debug|x86 = Debug|x86
		Release|x64 = Release|x64
		Release|x86 = Release|x86
	EndGlobalSection
	GlobalSection(ProjectConfigurationPlatforms) = postSolution
		{1F44894B-767E-46D3-948E-A812B9D5A292}.Debug|x64.ActiveCfg = Debug|x64
		{1F44894B-767E-46D3-948E-A812B9D5A292}.Debug|x64.Build.0 = Debug|x64
		{1F44894B-767E-46D3-948E-A812B9D5A292}.Debug|x86.ActiveCfg = Debug|Win32
		{1F44894B-767E-46D3-948E-A812B9D5A292}.Debug|x86.Build.0 = Debug|Win32
		{1F44894B-767E-46D3-948E-A812B9D5A292}.Release|x64.ActiveCfg = Release|x64
		{1F44894B-767E-46D3-948E-A812B9D5A292}.Release|x64.Build.0 = Release|x64
		{1F44894B-767E-46D3-948E-A812B9D5A292}.Release|x86.ActiveCfg = Release|Win32
		{1F44894B-767E-46D3-948E-A812B9D5A292}.Release|x86.Build.0 = Release|Win32
		{CE0D5833-BB3D-4FE2-A954-62CE9A6F0ECC}.Debug|x64.ActiveCfg = Debug|x64
		{CE0D5833-BB3D-4FE2-A954-62CE9A6F0ECC}.Debug|x64.Build.0 = Debug|x64
		{CE0D5833-BB3D-4FE2-A954-62CE9A6F0ECC}.Debug|x86.ActiveCfg = Debug|Win32
		{CE0D5833-BB3D-4FE2-A954-62CE9A6F0ECC}.Debug|x86.Build.0 = Debug|Win32
		{CE0D5833-BB3D-4FE2-A954-62CE9A6F0ECC}.Release|x64.ActiveCfg = Release|x64
		{CE0D5833-BB3D-4FE2-A954-62CE9A6F0ECC}.Release|x64.Build.0 = Release|x64
		{CE0D5833-BB3D-4FE2-A954-62CE9A6F0ECC}.Release|x86.ActiveCfg = Release|Win32
		{CE0D5833-BB3D-4FE2-A954-62CE9A6F0ECC}.Release|x86.Build.0 = Release|Win32
	EndGlobalSection
	GlobalSection(SolutionProperties) = preSolution
		HideSolutionNode = FALSE
	EndGlobalSection
	GlobalSection(ExtensibilityGlobals) = postSolution
		SolutionGuid = {65348EAE-4098-4E21-A963-C3E639BCF3C2}
	EndGlobalSection
EndGlobal
